
Microsoft Visual Studio Solution File, Format Version 12.00
# Visual Studio 15
VisualStudioVersion = 15.0.28307.168
MinimumVisualStudioVersion = 10.0.40219.1
Project("{159641D6-6404-4A2A-AE62-294DE0FE8301}") = "ImportsTest", "ImportsTest\ImportsTest.dtproj", "{027ECEB1-7D96-46A9-9754-018BA77FFE1E}"
EndProject
Global
	GlobalSection(SolutionConfigurationPlatforms) = preSolution
		Development|Default = Development|Default
	EndGlobalSection
	GlobalSection(ProjectConfigurationPlatforms) = postSolution
		{027ECEB1-7D96-46A9-9754-018BA77FFE1E}.Development|Default.ActiveCfg = Development
		{027ECEB1-7D96-46A9-9754-018BA77FFE1E}.Development|Default.Build.0 = Development
	EndGlobalSection
	GlobalSection(SolutionProperties) = preSolution
		HideSolutionNode = FALSE
	EndGlobalSection
	GlobalSection(ExtensibilityGlobals) = postSolution
		SolutionGuid = {C9108769-A684-4333-A2B9-A89259636F6B}
	EndGlobalSection
EndGlobal
