
Microsoft Visual Studio Solution File, Format Version 12.00
# Visual Studio 15
VisualStudioVersion = 15.0.28010.2041
MinimumVisualStudioVersion = 10.0.40219.1
Project("{FAE04EC0-301F-11D3-BF4B-00C04F79EFBC}") = "Test", "Test\Test.csproj", "{9FB2739C-909D-4B7E-ACD2-47FD10DE8237}"
EndProject
Global
	GlobalSection(SolutionConfigurationPlatforms) = preSolution
		Debug|Any CPU = Debug|Any CPU
		Release|Any CPU = Release|Any CPU
	EndGlobalSection
	GlobalSection(ProjectConfigurationPlatforms) = postSolution
		{9FB2739C-909D-4B7E-ACD2-47FD10DE8237}.Debug|Any CPU.ActiveCfg = Debug|Any CPU
		{9FB2739C-909D-4B7E-ACD2-47FD10DE8237}.Debug|Any CPU.Build.0 = Debug|Any CPU
		{9FB2739C-909D-4B7E-ACD2-47FD10DE8237}.Release|Any CPU.ActiveCfg = Release|Any CPU
		{9FB2739C-909D-4B7E-ACD2-47FD10DE8237}.Release|Any CPU.Build.0 = Release|Any CPU
	EndGlobalSection
	GlobalSection(SolutionProperties) = preSolution
		HideSolutionNode = FALSE
	EndGlobalSection
	GlobalSection(ExtensibilityGlobals) = postSolution
		SolutionGuid = {7D1CC39D-8975-40D1-977C-C74AD6145E30}
	EndGlobalSection
EndGlobal
