
Microsoft Visual Studio Solution File, Format Version 12.00
# Visual Studio 15
VisualStudioVersion = 15.0.28307.572
MinimumVisualStudioVersion = 10.0.40219.1
Project("{9A19103F-16F7-4668-BE54-9A1E7A4F7556}") = "AzureFunctionInvoiceUpdate", "AzureFunctionInvoiceUpdate\AzureFunctionInvoiceUpdate.csproj", "{DE8262B5-118C-4773-A152-7A6A2F277D50}"
EndProject
Project("{FAE04EC0-301F-11D3-BF4B-00C04F79EFBC}") = "EmailGPExceptions", "EmailGPExceptions\EmailGPExceptions.csproj", "{7974C290-A7D4-4141-9E07-89EB066AC961}"
EndProject
Global
	GlobalSection(SolutionConfigurationPlatforms) = preSolution
		Debug|Any CPU = Debug|Any CPU
		Release|Any CPU = Release|Any CPU
	EndGlobalSection
	GlobalSection(ProjectConfigurationPlatforms) = postSolution
		{DE8262B5-118C-4773-A152-7A6A2F277D50}.Debug|Any CPU.ActiveCfg = Debug|Any CPU
		{DE8262B5-118C-4773-A152-7A6A2F277D50}.Debug|Any CPU.Build.0 = Debug|Any CPU
		{DE8262B5-118C-4773-A152-7A6A2F277D50}.Release|Any CPU.ActiveCfg = Release|Any CPU
		{DE8262B5-118C-4773-A152-7A6A2F277D50}.Release|Any CPU.Build.0 = Release|Any CPU
		{7974C290-A7D4-4141-9E07-89EB066AC961}.Debug|Any CPU.ActiveCfg = Debug|Any CPU
		{7974C290-A7D4-4141-9E07-89EB066AC961}.Debug|Any CPU.Build.0 = Debug|Any CPU
		{7974C290-A7D4-4141-9E07-89EB066AC961}.Release|Any CPU.ActiveCfg = Release|Any CPU
		{7974C290-A7D4-4141-9E07-89EB066AC961}.Release|Any CPU.Build.0 = Release|Any CPU
	EndGlobalSection
	GlobalSection(SolutionProperties) = preSolution
		HideSolutionNode = FALSE
	EndGlobalSection
	GlobalSection(ExtensibilityGlobals) = postSolution
		SolutionGuid = {7BCFFB5B-1A73-4B81-989D-9D214F9EFB15}
	EndGlobalSection
EndGlobal
