
Microsoft Visual Studio Solution File, Format Version 12.00
# Visual Studio 15
VisualStudioVersion = 15.0.28307.572
MinimumVisualStudioVersion = 10.0.40219.1
Project("{9A19103F-16F7-4668-BE54-9A1E7A4F7556}") = "AzureFunctionInvoiceUpdate", "AzureFunctionInvoiceUpdate\AzureFunctionInvoiceUpdate.csproj", "{DE8262B5-118C-4773-A152-7A6A2F277D50}"
EndProject
Project("{9A19103F-16F7-4668-BE54-9A1E7A4F7556}") = "FunctGrossProfit", "FnctGrossProfit\FunctGrossProfit.csproj", "{D5831029-A383-4A2F-A3A0-DB7E7C1F4AC8}"
EndProject
Project("{FAE04EC0-301F-11D3-BF4B-00C04F79EFBC}") = "FunctGPVersion2", "FunctGPVersion1\FunctGPVersion2.csproj", "{D25DF7F7-E83E-4D24-8DD8-D0D9AF63CD88}"
EndProject
Global
	GlobalSection(SolutionConfigurationPlatforms) = preSolution
		Debug|Any CPU = Debug|Any CPU
		Release|Any CPU = Release|Any CPU
	EndGlobalSection
	GlobalSection(ProjectConfigurationPlatforms) = postSolution
		{DE8262B5-118C-4773-A152-7A6A2F277D50}.Debug|Any CPU.ActiveCfg = Debug|Any CPU
		{DE8262B5-118C-4773-A152-7A6A2F277D50}.Debug|Any CPU.Build.0 = Debug|Any CPU
		{DE8262B5-118C-4773-A152-7A6A2F277D50}.Release|Any CPU.ActiveCfg = Release|Any CPU
		{DE8262B5-118C-4773-A152-7A6A2F277D50}.Release|Any CPU.Build.0 = Release|Any CPU
		{D5831029-A383-4A2F-A3A0-DB7E7C1F4AC8}.Debug|Any CPU.ActiveCfg = Debug|Any CPU
		{D5831029-A383-4A2F-A3A0-DB7E7C1F4AC8}.Debug|Any CPU.Build.0 = Debug|Any CPU
		{D5831029-A383-4A2F-A3A0-DB7E7C1F4AC8}.Release|Any CPU.ActiveCfg = Release|Any CPU
		{D5831029-A383-4A2F-A3A0-DB7E7C1F4AC8}.Release|Any CPU.Build.0 = Release|Any CPU
		{D25DF7F7-E83E-4D24-8DD8-D0D9AF63CD88}.Debug|Any CPU.ActiveCfg = Debug|Any CPU
		{D25DF7F7-E83E-4D24-8DD8-D0D9AF63CD88}.Debug|Any CPU.Build.0 = Debug|Any CPU
		{D25DF7F7-E83E-4D24-8DD8-D0D9AF63CD88}.Release|Any CPU.ActiveCfg = Release|Any CPU
		{D25DF7F7-E83E-4D24-8DD8-D0D9AF63CD88}.Release|Any CPU.Build.0 = Release|Any CPU
	EndGlobalSection
	GlobalSection(SolutionProperties) = preSolution
		HideSolutionNode = FALSE
	EndGlobalSection
	GlobalSection(ExtensibilityGlobals) = postSolution
		SolutionGuid = {7BCFFB5B-1A73-4B81-989D-9D214F9EFB15}
	EndGlobalSection
EndGlobal
