
Microsoft Visual Studio Solution File, Format Version 12.00
# Visual Studio 15
VisualStudioVersion = 15.0.28307.572
MinimumVisualStudioVersion = 10.0.40219.1
Project("{FAE04EC0-301F-11D3-BF4B-00C04F79EFBC}") = "EditorTest", "EditorTest\EditorTest.csproj", "{F5AF932F-26CD-4A97-96F2-BD87E2C75353}"
EndProject
Global
	GlobalSection(SolutionConfigurationPlatforms) = preSolution
		Debug|Any CPU = Debug|Any CPU
		Release|Any CPU = Release|Any CPU
	EndGlobalSection
	GlobalSection(ProjectConfigurationPlatforms) = postSolution
		{F5AF932F-26CD-4A97-96F2-BD87E2C75353}.Debug|Any CPU.ActiveCfg = Debug|Any CPU
		{F5AF932F-26CD-4A97-96F2-BD87E2C75353}.Debug|Any CPU.Build.0 = Debug|Any CPU
		{F5AF932F-26CD-4A97-96F2-BD87E2C75353}.Release|Any CPU.ActiveCfg = Release|Any CPU
		{F5AF932F-26CD-4A97-96F2-BD87E2C75353}.Release|Any CPU.Build.0 = Release|Any CPU
	EndGlobalSection
	GlobalSection(SolutionProperties) = preSolution
		HideSolutionNode = FALSE
	EndGlobalSection
	GlobalSection(ExtensibilityGlobals) = postSolution
		SolutionGuid = {364E4E86-195D-4B66-9C60-1C316F17EC00}
	EndGlobalSection
EndGlobal
