
Microsoft Visual Studio Solution File, Format Version 12.00
# Visual Studio 15
VisualStudioVersion = 15.0.28307.572
MinimumVisualStudioVersion = 10.0.40219.1
Project("{FAE04EC0-301F-11D3-BF4B-00C04F79EFBC}") = "ConsoleAppFunctionTest", "ConsoleAppFunctionTest\ConsoleAppFunctionTest.csproj", "{F9A12AC5-611A-4711-ABD6-753AF37B3FDB}"
EndProject
Global
	GlobalSection(SolutionConfigurationPlatforms) = preSolution
		Debug|Any CPU = Debug|Any CPU
		Release|Any CPU = Release|Any CPU
	EndGlobalSection
	GlobalSection(ProjectConfigurationPlatforms) = postSolution
		{F9A12AC5-611A-4711-ABD6-753AF37B3FDB}.Debug|Any CPU.ActiveCfg = Debug|Any CPU
		{F9A12AC5-611A-4711-ABD6-753AF37B3FDB}.Debug|Any CPU.Build.0 = Debug|Any CPU
		{F9A12AC5-611A-4711-ABD6-753AF37B3FDB}.Release|Any CPU.ActiveCfg = Release|Any CPU
		{F9A12AC5-611A-4711-ABD6-753AF37B3FDB}.Release|Any CPU.Build.0 = Release|Any CPU
	EndGlobalSection
	GlobalSection(SolutionProperties) = preSolution
		HideSolutionNode = FALSE
	EndGlobalSection
	GlobalSection(ExtensibilityGlobals) = postSolution
		SolutionGuid = {BFE6C880-6383-491B-9024-AEC33B9C0D23}
	EndGlobalSection
EndGlobal
